
Microsoft Visual Studio Solution File, Format Version 12.00
# Visual Studio 15
VisualStudioVersion = 15.0.28010.2036
MinimumVisualStudioVersion = 10.0.40219.1
Project("{2150E333-8FDC-42A3-9474-1A3956D46DE8}") = "PuppeteerSharp", "PuppeteerSharp", "{5A5657B1-FAF5-40F9-8401-51FF5FAA2C84}"
EndProject
Project("{FAE04EC0-301F-11D3-BF4B-00C04F79EFBC}") = "PuppeteerSharpDemo", "PuppeteerSharpDemo\PuppeteerSharpDemo.csproj", "{311D64C6-F484-4859-9EE0-47B9C0C53138}"
EndProject
Global
	GlobalSection(SolutionConfigurationPlatforms) = preSolution
		Debug|Any CPU = Debug|Any CPU
		Release|Any CPU = Release|Any CPU
	EndGlobalSection
	GlobalSection(ProjectConfigurationPlatforms) = postSolution
		{311D64C6-F484-4859-9EE0-47B9C0C53138}.Debug|Any CPU.ActiveCfg = Debug|Any CPU
		{311D64C6-F484-4859-9EE0-47B9C0C53138}.Debug|Any CPU.Build.0 = Debug|Any CPU
		{311D64C6-F484-4859-9EE0-47B9C0C53138}.Release|Any CPU.ActiveCfg = Release|Any CPU
		{311D64C6-F484-4859-9EE0-47B9C0C53138}.Release|Any CPU.Build.0 = Release|Any CPU
	EndGlobalSection
	GlobalSection(SolutionProperties) = preSolution
		HideSolutionNode = FALSE
	EndGlobalSection
	GlobalSection(NestedProjects) = preSolution
		{311D64C6-F484-4859-9EE0-47B9C0C53138} = {5A5657B1-FAF5-40F9-8401-51FF5FAA2C84}
	EndGlobalSection
	GlobalSection(ExtensibilityGlobals) = postSolution
		SolutionGuid = {E86B2CF6-710D-4A55-A6D9-761E089E9FD4}
	EndGlobalSection
EndGlobal
